
Microsoft Visual Studio Solution File, Format Version 12.00
# Visual Studio Version 17
VisualStudioVersion = 17.5.33424.131
MinimumVisualStudioVersion = 10.0.40219.1
Project("{FAE04EC0-301F-11D3-BF4B-00C04F79EFBC}") = "TypeCobol.LanguageServer.JsonRPC", "TypeCobol.LanguageServer.JsonRPC\TypeCobol.LanguageServer.JsonRPC.csproj", "{D40C33CD-FB03-4413-AEDA-048884AA6656}"
EndProject
Project("{FAE04EC0-301F-11D3-BF4B-00C04F79EFBC}") = "Tests.LanguageServer.JsonRPC", "Tests.LanguageServer.JsonRPC\Tests.LanguageServer.JsonRPC.csproj", "{DF02446A-647C-4A27-864D-42ABE7DE8621}"
EndProject
Project("{FAE04EC0-301F-11D3-BF4B-00C04F79EFBC}") = "TypeCobol.LanguageServer.Protocol", "TypeCobol.LanguageServer.Protocol\TypeCobol.LanguageServer.Protocol.csproj", "{FEC23C2D-6DFD-4145-9A03-54E269802BAC}"
EndProject
Project("{FAE04EC0-301F-11D3-BF4B-00C04F79EFBC}") = "TypeCobol.LanguageServer.Robot.Common", "TypeCobol.LanguageServer.Robot.Common\TypeCobol.LanguageServer.Robot.Common.csproj", "{11912459-D358-4C70-BDCB-77EC0091151D}"
EndProject
Project("{FAE04EC0-301F-11D3-BF4B-00C04F79EFBC}") = "TypeCobol.LanguageServerRobot", "TypeCobol.LanguageServerRobot\TypeCobol.LanguageServerRobot.csproj", "{DEA93953-9F15-4637-8842-090F06892F64}"
EndProject
Project("{FAE04EC0-301F-11D3-BF4B-00C04F79EFBC}") = "Tests.LanguageServerRobot", "Tests.LanguageServerRobot\Tests.LanguageServerRobot.csproj", "{AB87B616-36A9-4F00-910D-0A125D408A9B}"
EndProject
Project("{FAE04EC0-301F-11D3-BF4B-00C04F79EFBC}") = "TypeCobol.LanguageServer.Robot.Monitor", "TypeCobol.LanguageServer.Robot.Monitor\TypeCobol.LanguageServer.Robot.Monitor.csproj", "{DF8B4274-0B85-4CF5-809F-5A3C8A1531D5}"
EndProject
Global
	GlobalSection(SolutionConfigurationPlatforms) = preSolution
		Debug|Any CPU = Debug|Any CPU
		Release|Any CPU = Release|Any CPU
	EndGlobalSection
	GlobalSection(ProjectConfigurationPlatforms) = postSolution
		{D40C33CD-FB03-4413-AEDA-048884AA6656}.Debug|Any CPU.ActiveCfg = Debug|Any CPU
		{D40C33CD-FB03-4413-AEDA-048884AA6656}.Debug|Any CPU.Build.0 = Debug|Any CPU
		{D40C33CD-FB03-4413-AEDA-048884AA6656}.Release|Any CPU.ActiveCfg = Release|Any CPU
		{D40C33CD-FB03-4413-AEDA-048884AA6656}.Release|Any CPU.Build.0 = Release|Any CPU
		{DF02446A-647C-4A27-864D-42ABE7DE8621}.Debug|Any CPU.ActiveCfg = Debug|Any CPU
		{DF02446A-647C-4A27-864D-42ABE7DE8621}.Debug|Any CPU.Build.0 = Debug|Any CPU
		{DF02446A-647C-4A27-864D-42ABE7DE8621}.Release|Any CPU.ActiveCfg = Release|Any CPU
		{DF02446A-647C-4A27-864D-42ABE7DE8621}.Release|Any CPU.Build.0 = Release|Any CPU
		{FEC23C2D-6DFD-4145-9A03-54E269802BAC}.Debug|Any CPU.ActiveCfg = Debug|Any CPU
		{FEC23C2D-6DFD-4145-9A03-54E269802BAC}.Debug|Any CPU.Build.0 = Debug|Any CPU
		{FEC23C2D-6DFD-4145-9A03-54E269802BAC}.Release|Any CPU.ActiveCfg = Release|Any CPU
		{FEC23C2D-6DFD-4145-9A03-54E269802BAC}.Release|Any CPU.Build.0 = Release|Any CPU
		{11912459-D358-4C70-BDCB-77EC0091151D}.Debug|Any CPU.ActiveCfg = Debug|Any CPU
		{11912459-D358-4C70-BDCB-77EC0091151D}.Debug|Any CPU.Build.0 = Debug|Any CPU
		{11912459-D358-4C70-BDCB-77EC0091151D}.Release|Any CPU.ActiveCfg = Release|Any CPU
		{11912459-D358-4C70-BDCB-77EC0091151D}.Release|Any CPU.Build.0 = Release|Any CPU
		{DEA93953-9F15-4637-8842-090F06892F64}.Debug|Any CPU.ActiveCfg = Debug|Any CPU
		{DEA93953-9F15-4637-8842-090F06892F64}.Debug|Any CPU.Build.0 = Debug|Any CPU
		{DEA93953-9F15-4637-8842-090F06892F64}.Release|Any CPU.ActiveCfg = Release|Any CPU
		{DEA93953-9F15-4637-8842-090F06892F64}.Release|Any CPU.Build.0 = Release|Any CPU
		{AB87B616-36A9-4F00-910D-0A125D408A9B}.Debug|Any CPU.ActiveCfg = Debug|Any CPU
		{AB87B616-36A9-4F00-910D-0A125D408A9B}.Debug|Any CPU.Build.0 = Debug|Any CPU
		{AB87B616-36A9-4F00-910D-0A125D408A9B}.Release|Any CPU.ActiveCfg = Release|Any CPU
		{AB87B616-36A9-4F00-910D-0A125D408A9B}.Release|Any CPU.Build.0 = Release|Any CPU
		{DF8B4274-0B85-4CF5-809F-5A3C8A1531D5}.Debug|Any CPU.ActiveCfg = Debug|Any CPU
		{DF8B4274-0B85-4CF5-809F-5A3C8A1531D5}.Debug|Any CPU.Build.0 = Debug|Any CPU
		{DF8B4274-0B85-4CF5-809F-5A3C8A1531D5}.Release|Any CPU.ActiveCfg = Release|Any CPU
		{DF8B4274-0B85-4CF5-809F-5A3C8A1531D5}.Release|Any CPU.Build.0 = Release|Any CPU
	EndGlobalSection
	GlobalSection(SolutionProperties) = preSolution
		HideSolutionNode = FALSE
	EndGlobalSection
	GlobalSection(ExtensibilityGlobals) = postSolution
		SolutionGuid = {688FD9D5-FCE8-47F7-9CFB-63C0D8088A8B}
	EndGlobalSection
EndGlobal
