
Microsoft Visual Studio Solution File, Format Version 12.00
# Visual Studio 14
VisualStudioVersion = 14.0.25123.0
MinimumVisualStudioVersion = 10.0.40219.1
Project("{FAE04EC0-301F-11D3-BF4B-00C04F79EFBC}") = "LanguageServerRobot", "LanguageServerRobot.csproj", "{ADC9412F-26E7-4C05-8352-2573FBEB9E88}"
EndProject
Project("{FAE04EC0-301F-11D3-BF4B-00C04F79EFBC}") = "LanguageServer.JsonRPC", "..\LanguageServer.JsonRPC\LanguageServer.JsonRPC.csproj", "{5A4CAD5C-F178-45D2-86E8-A75D7EAC13F4}"
EndProject
Project("{FAE04EC0-301F-11D3-BF4B-00C04F79EFBC}") = "Tests.LanguageServer.JsonRPC", "..\LanguageServer.JsonRPC\Tests.LanguageServer.JsonRPC\Tests.LanguageServer.JsonRPC.csproj", "{35D8C4D8-9477-4A15-8BFD-3B729906018D}"
EndProject
Project("{FAE04EC0-301F-11D3-BF4B-00C04F79EFBC}") = "LanguageServer.Protocol", "..\LanguageServer.Protocol\LanguageServer.Protocol.csproj", "{2950DAC0-494D-46B6-A836-7EAB4810952A}"
EndProject
Global
	GlobalSection(SolutionConfigurationPlatforms) = preSolution
		Debug|Any CPU = Debug|Any CPU
		Release|Any CPU = Release|Any CPU
	EndGlobalSection
	GlobalSection(ProjectConfigurationPlatforms) = postSolution
		{ADC9412F-26E7-4C05-8352-2573FBEB9E88}.Debug|Any CPU.ActiveCfg = Debug|Any CPU
		{ADC9412F-26E7-4C05-8352-2573FBEB9E88}.Debug|Any CPU.Build.0 = Debug|Any CPU
		{ADC9412F-26E7-4C05-8352-2573FBEB9E88}.Release|Any CPU.ActiveCfg = Release|Any CPU
		{ADC9412F-26E7-4C05-8352-2573FBEB9E88}.Release|Any CPU.Build.0 = Release|Any CPU
		{5A4CAD5C-F178-45D2-86E8-A75D7EAC13F4}.Debug|Any CPU.ActiveCfg = Debug|Any CPU
		{5A4CAD5C-F178-45D2-86E8-A75D7EAC13F4}.Debug|Any CPU.Build.0 = Debug|Any CPU
		{5A4CAD5C-F178-45D2-86E8-A75D7EAC13F4}.Release|Any CPU.ActiveCfg = Release|Any CPU
		{5A4CAD5C-F178-45D2-86E8-A75D7EAC13F4}.Release|Any CPU.Build.0 = Release|Any CPU
		{35D8C4D8-9477-4A15-8BFD-3B729906018D}.Debug|Any CPU.ActiveCfg = Debug|Any CPU
		{35D8C4D8-9477-4A15-8BFD-3B729906018D}.Debug|Any CPU.Build.0 = Debug|Any CPU
		{35D8C4D8-9477-4A15-8BFD-3B729906018D}.Release|Any CPU.ActiveCfg = Release|Any CPU
		{35D8C4D8-9477-4A15-8BFD-3B729906018D}.Release|Any CPU.Build.0 = Release|Any CPU
		{2950DAC0-494D-46B6-A836-7EAB4810952A}.Debug|Any CPU.ActiveCfg = Debug|Any CPU
		{2950DAC0-494D-46B6-A836-7EAB4810952A}.Debug|Any CPU.Build.0 = Debug|Any CPU
		{2950DAC0-494D-46B6-A836-7EAB4810952A}.Release|Any CPU.ActiveCfg = Release|Any CPU
		{2950DAC0-494D-46B6-A836-7EAB4810952A}.Release|Any CPU.Build.0 = Release|Any CPU
	EndGlobalSection
	GlobalSection(SolutionProperties) = preSolution
		HideSolutionNode = FALSE
	EndGlobalSection
EndGlobal
